
Microsoft Visual Studio Solution File, Format Version 12.00
# Visual Studio Version 17
VisualStudioVersion = 17.1.32328.378
MinimumVisualStudioVersion = 10.0.40219.1
Project("{9A19103F-16F7-4668-BE54-9A1E7A4F7556}") = "TwitchBot.PoC", "TwitchBot.PoC\TwitchBot.PoC.csproj", "{ACAF0837-8567-4F54-8A60-49129C4794BA}"
EndProject
Project("{9A19103F-16F7-4668-BE54-9A1E7A4F7556}") = "TwitchBot.PcClient", "TwitchBot.PcClient\TwitchBot.PcClient.csproj", "{610DF916-C6DE-4F1B-B847-F8C33BCB14BF}"
EndProject
Project("{2150E333-8FDC-42A3-9474-1A3956D46DE8}") = "PocConsole", "PocConsole", "{1DB9B8CB-D53B-4184-BD43-0D9EC16A6784}"
EndProject
Project("{9A19103F-16F7-4668-BE54-9A1E7A4F7556}") = "TwitchBot.PcV2", "TwitchBot.PcV2\TwitchBot.PcV2.csproj", "{4884B2F2-29C4-4AF0-BC4E-17EF5F0CDECA}"
EndProject
Project("{9A19103F-16F7-4668-BE54-9A1E7A4F7556}") = "TwitchBot.Tests", "TwitchBot.Tests\TwitchBot.Tests.csproj", "{2247B313-AA86-44FC-AEFB-39F5C42CD773}"
EndProject
Project("{9A19103F-16F7-4668-BE54-9A1E7A4F7556}") = "TwitchBot.Services", "TwitchBot.Services\TwitchBot.Services.csproj", "{56BFD97B-229E-481D-B837-231CF7260A15}"
EndProject
Global
	GlobalSection(SolutionConfigurationPlatforms) = preSolution
		Debug|Any CPU = Debug|Any CPU
		Release|Any CPU = Release|Any CPU
	EndGlobalSection
	GlobalSection(ProjectConfigurationPlatforms) = postSolution
		{ACAF0837-8567-4F54-8A60-49129C4794BA}.Debug|Any CPU.ActiveCfg = Debug|Any CPU
		{ACAF0837-8567-4F54-8A60-49129C4794BA}.Debug|Any CPU.Build.0 = Debug|Any CPU
		{ACAF0837-8567-4F54-8A60-49129C4794BA}.Release|Any CPU.ActiveCfg = Release|Any CPU
		{ACAF0837-8567-4F54-8A60-49129C4794BA}.Release|Any CPU.Build.0 = Release|Any CPU
		{610DF916-C6DE-4F1B-B847-F8C33BCB14BF}.Debug|Any CPU.ActiveCfg = Debug|Any CPU
		{610DF916-C6DE-4F1B-B847-F8C33BCB14BF}.Debug|Any CPU.Build.0 = Debug|Any CPU
		{610DF916-C6DE-4F1B-B847-F8C33BCB14BF}.Release|Any CPU.ActiveCfg = Release|Any CPU
		{610DF916-C6DE-4F1B-B847-F8C33BCB14BF}.Release|Any CPU.Build.0 = Release|Any CPU
		{4884B2F2-29C4-4AF0-BC4E-17EF5F0CDECA}.Debug|Any CPU.ActiveCfg = Debug|Any CPU
		{4884B2F2-29C4-4AF0-BC4E-17EF5F0CDECA}.Debug|Any CPU.Build.0 = Debug|Any CPU
		{4884B2F2-29C4-4AF0-BC4E-17EF5F0CDECA}.Release|Any CPU.ActiveCfg = Release|Any CPU
		{4884B2F2-29C4-4AF0-BC4E-17EF5F0CDECA}.Release|Any CPU.Build.0 = Release|Any CPU
		{2247B313-AA86-44FC-AEFB-39F5C42CD773}.Debug|Any CPU.ActiveCfg = Debug|Any CPU
		{2247B313-AA86-44FC-AEFB-39F5C42CD773}.Debug|Any CPU.Build.0 = Debug|Any CPU
		{2247B313-AA86-44FC-AEFB-39F5C42CD773}.Release|Any CPU.ActiveCfg = Release|Any CPU
		{2247B313-AA86-44FC-AEFB-39F5C42CD773}.Release|Any CPU.Build.0 = Release|Any CPU
		{56BFD97B-229E-481D-B837-231CF7260A15}.Debug|Any CPU.ActiveCfg = Debug|Any CPU
		{56BFD97B-229E-481D-B837-231CF7260A15}.Debug|Any CPU.Build.0 = Debug|Any CPU
		{56BFD97B-229E-481D-B837-231CF7260A15}.Release|Any CPU.ActiveCfg = Release|Any CPU
		{56BFD97B-229E-481D-B837-231CF7260A15}.Release|Any CPU.Build.0 = Release|Any CPU
	EndGlobalSection
	GlobalSection(SolutionProperties) = preSolution
		HideSolutionNode = FALSE
	EndGlobalSection
	GlobalSection(NestedProjects) = preSolution
		{ACAF0837-8567-4F54-8A60-49129C4794BA} = {1DB9B8CB-D53B-4184-BD43-0D9EC16A6784}
	EndGlobalSection
	GlobalSection(ExtensibilityGlobals) = postSolution
		SolutionGuid = {E12E445A-EF30-4C5E-B687-F1E0FEFC7F2B}
	EndGlobalSection
EndGlobal
